# This file is autogenerated, do not edit; changes may be undone by the next 'dep ensure'.


[[projects]]
  branch = "master"
  digest = "1:20b31c7cd0552465dd6e7d568ff9955ea0a3812499051ef266b47c0cf0d8548e"
  name = "github.com/campus-iot/geo-api"
  packages = [
    "api",
    "models",
    "utils",
  ]
  pruneopts = "UT"
  revision = "72b194e8a15b4cc9b7aedfc6ec212a2c9470f50e"

[[projects]]
  digest = "1:ca59b1175189b3f0e9f1793d2c350114be36eaabbe5b9f554b35edee1de50aea"
  name = "github.com/gorilla/mux"
  packages = ["."]
  pruneopts = "UT"
  revision = "a7962380ca08b5a188038c69871b8d3fbdf31e89"
  version = "v1.7.0"

[[projects]]
  digest = "1:31e761d97c76151dde79e9d28964a812c46efc5baee4085b86f68f0c654450de"
  name = "github.com/konsorten/go-windows-terminal-sequences"
  packages = ["."]
  pruneopts = "UT"
  revision = "f55edac94c9bbba5d6182a4be46d86a2c9b5b50e"
  version = "v1.0.2"

[[projects]]
  digest = "1:87c2e02fb01c27060ccc5ba7c5a407cc91147726f8f40b70cceeedbc52b1f3a8"
  name = "github.com/sirupsen/logrus"
  packages = ["."]
  pruneopts = "UT"
  revision = "e1e72e9de974bd926e5c56f83753fba2df402ce5"
  version = "v1.3.0"

[[projects]]
  branch = "master"
  digest = "1:f4e5276a3b356f4692107047fd2890f2fe534f4feeb6b1fd2f6dfbd87f1ccf54"
  name = "github.com/xeipuuv/gojsonpointer"
  packages = ["."]
  pruneopts = "UT"
  revision = "4e3ac2762d5f479393488629ee9370b50873b3a6"

[[projects]]
  branch = "master"
  digest = "1:dc6a6c28ca45d38cfce9f7cb61681ee38c5b99ec1425339bfc1e1a7ba769c807"
  name = "github.com/xeipuuv/gojsonreference"
  packages = ["."]
  pruneopts = "UT"
  revision = "bd5ef7bd5415a7ac448318e64f11a24cd21e594b"

[[projects]]
  digest = "1:1c898ea6c30c16e8d55fdb6fe44c4bee5f9b7d68aa260cfdfc3024491dcc7bea"
  name = "github.com/xeipuuv/gojsonschema"
  packages = ["."]
  pruneopts = "UT"
  revision = "f971f3cd73b2899de6923801c147f075263e0c50"
  version = "v1.1.0"

[[projects]]
  branch = "master"
  digest = "1:058e9504b9a79bfe86092974d05bb3298d2aa0c312d266d43148de289a5065d9"
  name = "golang.org/x/crypto"
  packages = ["ssh/terminal"]
  pruneopts = "UT"
  revision = "8dd112bcdc25174059e45e07517d9fc663123347"

[[projects]]
  branch = "master"
  digest = "1:32f8c7cc78e478c39ce1cbe83dc4d54e4c4eed86197c50ff28fb935e6a32e090"
  name = "golang.org/x/sys"
  packages = [
    "unix",
    "windows",
  ]
  pruneopts = "UT"
  revision = "30e92a19ae4a77dde818b8c3d41d51e4850cba12"

[solve-meta]
  analyzer-name = "dep"
  analyzer-version = 1
  input-imports = [
    "github.com/campus-iot/geo-api/api",
    "github.com/campus-iot/geo-api/models",
    "github.com/campus-iot/geo-api/utils",
    "github.com/gorilla/mux",
    "github.com/sirupsen/logrus",
    "github.com/xeipuuv/gojsonschema",
  ]
  solver-name = "gps-cdcl"
  solver-version = 1
